
Microsoft Visual Studio Solution File, Format Version 12.00
Project("{FAE04EC0-301F-11D3-BF4B-00C04F79EFBC}") = "OrderManagement", "OrderManagement\OrderManagement.csproj", "{C14A650B-C136-40CF-9FCC-4221A4749DAC}"
EndProject
Project("{2150E333-8FDC-42A3-9474-1A3956D46DE8}") = "Solution Items", "Solution Items", "{9982565B-C0CB-4903-B647-F8DAAFB25837}"
	ProjectSection(SolutionItems) = preProject
		compose.yaml = compose.yaml
		..\compose.yaml = ..\compose.yaml
	EndProjectSection
EndProject
Project("{FAE04EC0-301F-11D3-BF4B-00C04F79EFBC}") = "Inventory", "..\Inventory\Inventory.csproj", "{687679BC-6499-40FA-AED6-ED450F592953}"
EndProject
Project("{FAE04EC0-301F-11D3-BF4B-00C04F79EFBC}") = "InventoryManagement", "..\InventoryManagement\InventoryManagement.csproj", "{E6DEB85E-731D-4D55-B45E-3339483F6458}"
EndProject
Project("{FAE04EC0-301F-11D3-BF4B-00C04F79EFBC}") = "PaymentService", "..\PaymentService\PaymentService.csproj", "{3281C69A-31DE-4E0F-902B-1789C877647B}"
EndProject
Project("{FAE04EC0-301F-11D3-BF4B-00C04F79EFBC}") = "Tracing", "..\Tracing\Tracing\Tracing.csproj", "{5CB998D0-0EAE-40B8-9BF6-A9FDF43A0927}"
EndProject
Global
	GlobalSection(SolutionConfigurationPlatforms) = preSolution
		Debug|Any CPU = Debug|Any CPU
		Release|Any CPU = Release|Any CPU
	EndGlobalSection
	GlobalSection(ProjectConfigurationPlatforms) = postSolution
		{C14A650B-C136-40CF-9FCC-4221A4749DAC}.Debug|Any CPU.ActiveCfg = Debug|Any CPU
		{C14A650B-C136-40CF-9FCC-4221A4749DAC}.Debug|Any CPU.Build.0 = Debug|Any CPU
		{C14A650B-C136-40CF-9FCC-4221A4749DAC}.Release|Any CPU.ActiveCfg = Release|Any CPU
		{C14A650B-C136-40CF-9FCC-4221A4749DAC}.Release|Any CPU.Build.0 = Release|Any CPU
		{687679BC-6499-40FA-AED6-ED450F592953}.Debug|Any CPU.ActiveCfg = Debug|Any CPU
		{687679BC-6499-40FA-AED6-ED450F592953}.Debug|Any CPU.Build.0 = Debug|Any CPU
		{687679BC-6499-40FA-AED6-ED450F592953}.Release|Any CPU.ActiveCfg = Release|Any CPU
		{687679BC-6499-40FA-AED6-ED450F592953}.Release|Any CPU.Build.0 = Release|Any CPU
		{E6DEB85E-731D-4D55-B45E-3339483F6458}.Debug|Any CPU.ActiveCfg = Debug|Any CPU
		{E6DEB85E-731D-4D55-B45E-3339483F6458}.Debug|Any CPU.Build.0 = Debug|Any CPU
		{E6DEB85E-731D-4D55-B45E-3339483F6458}.Release|Any CPU.ActiveCfg = Release|Any CPU
		{E6DEB85E-731D-4D55-B45E-3339483F6458}.Release|Any CPU.Build.0 = Release|Any CPU
		{3281C69A-31DE-4E0F-902B-1789C877647B}.Debug|Any CPU.ActiveCfg = Debug|Any CPU
		{3281C69A-31DE-4E0F-902B-1789C877647B}.Debug|Any CPU.Build.0 = Debug|Any CPU
		{3281C69A-31DE-4E0F-902B-1789C877647B}.Release|Any CPU.ActiveCfg = Release|Any CPU
		{3281C69A-31DE-4E0F-902B-1789C877647B}.Release|Any CPU.Build.0 = Release|Any CPU
		{5CB998D0-0EAE-40B8-9BF6-A9FDF43A0927}.Debug|Any CPU.ActiveCfg = Debug|Any CPU
		{5CB998D0-0EAE-40B8-9BF6-A9FDF43A0927}.Debug|Any CPU.Build.0 = Debug|Any CPU
		{5CB998D0-0EAE-40B8-9BF6-A9FDF43A0927}.Release|Any CPU.ActiveCfg = Release|Any CPU
		{5CB998D0-0EAE-40B8-9BF6-A9FDF43A0927}.Release|Any CPU.Build.0 = Release|Any CPU
	EndGlobalSection
EndGlobal
